
Microsoft Visual Studio Solution File, Format Version 12.00
# Visual Studio Version 17
VisualStudioVersion = 17.2.32602.215
MinimumVisualStudioVersion = 10.0.40219.1
Project("{FAE04EC0-301F-11D3-BF4B-00C04F79EFBC}") = "ConsoleApp10", "ConsoleApp10\ConsoleApp10.csproj", "{25F346B8-B30C-4AE9-966C-ED85DDD475DD}"
EndProject
Global
	GlobalSection(SolutionConfigurationPlatforms) = preSolution
		Debug|Any CPU = Debug|Any CPU
		Release|Any CPU = Release|Any CPU
	EndGlobalSection
	GlobalSection(ProjectConfigurationPlatforms) = postSolution
		{25F346B8-B30C-4AE9-966C-ED85DDD475DD}.Debug|Any CPU.ActiveCfg = Debug|Any CPU
		{25F346B8-B30C-4AE9-966C-ED85DDD475DD}.Debug|Any CPU.Build.0 = Debug|Any CPU
		{25F346B8-B30C-4AE9-966C-ED85DDD475DD}.Release|Any CPU.ActiveCfg = Release|Any CPU
		{25F346B8-B30C-4AE9-966C-ED85DDD475DD}.Release|Any CPU.Build.0 = Release|Any CPU
	EndGlobalSection
	GlobalSection(SolutionProperties) = preSolution
		HideSolutionNode = FALSE
	EndGlobalSection
	GlobalSection(ExtensibilityGlobals) = postSolution
		SolutionGuid = {3F3EFDE7-A273-4975-8766-F8C3288A0BB5}
	EndGlobalSection
EndGlobal
